
Microsoft Visual Studio Solution File, Format Version 12.00
# Visual Studio Version 17
VisualStudioVersion = 17.3.32901.215
MinimumVisualStudioVersion = 10.0.40219.1
Project("{FAE04EC0-301F-11D3-BF4B-00C04F79EFBC}") = "DataAccess", "DataAccess\DataAccess.csproj", "{D636323D-A92F-4ACB-932F-71531EA0F60B}"
EndProject
Project("{FAE04EC0-301F-11D3-BF4B-00C04F79EFBC}") = "Buisness", "Buisness\Buisness.csproj", "{69471402-1FC0-46A1-AB4B-12D5E8770563}"
EndProject
Project("{FAE04EC0-301F-11D3-BF4B-00C04F79EFBC}") = "Entities", "Entities\Entities.csproj", "{A85F0648-1FE6-4D86-A6AB-48DA011D4B6C}"
EndProject
Project("{FAE04EC0-301F-11D3-BF4B-00C04F79EFBC}") = "ConsoleUI", "ConsoleUI\ConsoleUI.csproj", "{1B140831-A0C8-46C0-B120-222543C9EAB6}"
EndProject
Project("{FAE04EC0-301F-11D3-BF4B-00C04F79EFBC}") = "Core", "Core\Core.csproj", "{3D390485-C0ED-4AE0-B0D6-0D24EAC97D2E}"
EndProject
Global
	GlobalSection(SolutionConfigurationPlatforms) = preSolution
		Debug|Any CPU = Debug|Any CPU
		Release|Any CPU = Release|Any CPU
	EndGlobalSection
	GlobalSection(ProjectConfigurationPlatforms) = postSolution
		{D636323D-A92F-4ACB-932F-71531EA0F60B}.Debug|Any CPU.ActiveCfg = Debug|Any CPU
		{D636323D-A92F-4ACB-932F-71531EA0F60B}.Debug|Any CPU.Build.0 = Debug|Any CPU
		{D636323D-A92F-4ACB-932F-71531EA0F60B}.Release|Any CPU.ActiveCfg = Release|Any CPU
		{D636323D-A92F-4ACB-932F-71531EA0F60B}.Release|Any CPU.Build.0 = Release|Any CPU
		{69471402-1FC0-46A1-AB4B-12D5E8770563}.Debug|Any CPU.ActiveCfg = Debug|Any CPU
		{69471402-1FC0-46A1-AB4B-12D5E8770563}.Debug|Any CPU.Build.0 = Debug|Any CPU
		{69471402-1FC0-46A1-AB4B-12D5E8770563}.Release|Any CPU.ActiveCfg = Release|Any CPU
		{69471402-1FC0-46A1-AB4B-12D5E8770563}.Release|Any CPU.Build.0 = Release|Any CPU
		{A85F0648-1FE6-4D86-A6AB-48DA011D4B6C}.Debug|Any CPU.ActiveCfg = Debug|Any CPU
		{A85F0648-1FE6-4D86-A6AB-48DA011D4B6C}.Debug|Any CPU.Build.0 = Debug|Any CPU
		{A85F0648-1FE6-4D86-A6AB-48DA011D4B6C}.Release|Any CPU.ActiveCfg = Release|Any CPU
		{A85F0648-1FE6-4D86-A6AB-48DA011D4B6C}.Release|Any CPU.Build.0 = Release|Any CPU
		{1B140831-A0C8-46C0-B120-222543C9EAB6}.Debug|Any CPU.ActiveCfg = Debug|Any CPU
		{1B140831-A0C8-46C0-B120-222543C9EAB6}.Debug|Any CPU.Build.0 = Debug|Any CPU
		{1B140831-A0C8-46C0-B120-222543C9EAB6}.Release|Any CPU.ActiveCfg = Release|Any CPU
		{1B140831-A0C8-46C0-B120-222543C9EAB6}.Release|Any CPU.Build.0 = Release|Any CPU
		{3D390485-C0ED-4AE0-B0D6-0D24EAC97D2E}.Debug|Any CPU.ActiveCfg = Debug|Any CPU
		{3D390485-C0ED-4AE0-B0D6-0D24EAC97D2E}.Debug|Any CPU.Build.0 = Debug|Any CPU
		{3D390485-C0ED-4AE0-B0D6-0D24EAC97D2E}.Release|Any CPU.ActiveCfg = Release|Any CPU
		{3D390485-C0ED-4AE0-B0D6-0D24EAC97D2E}.Release|Any CPU.Build.0 = Release|Any CPU
	EndGlobalSection
	GlobalSection(SolutionProperties) = preSolution
		HideSolutionNode = FALSE
	EndGlobalSection
	GlobalSection(ExtensibilityGlobals) = postSolution
		SolutionGuid = {4F0DEA52-5B89-42EE-A69D-127DEA249AF7}
	EndGlobalSection
EndGlobal
